
Microsoft Visual Studio Solution File, Format Version 12.00
# Visual Studio 14
VisualStudioVersion = 14.0.24720.0
MinimumVisualStudioVersion = 10.0.40219.1
Project("{8BC9CEB8-8B4A-11D0-8D11-00A0C91BC942}") = "LotsOfLinesApp", "LotsOfLinesApp\LotsOfLinesApp.vcxproj", "{FBCD561C-4146-3F9B-BBCC-AA94338DA55E}"
EndProject
Global
	GlobalSection(SolutionConfigurationPlatforms) = preSolution
		Debug|x64 = Debug|x64
		Debug|x86 = Debug|x86
		Release|x64 = Release|x64
		Release|x86 = Release|x86
	EndGlobalSection
	GlobalSection(ProjectConfigurationPlatforms) = postSolution
		{FBCD561C-4146-3F9B-BBCC-AA94338DA55E}.Debug|x64.ActiveCfg = Debug|Win32
		{FBCD561C-4146-3F9B-BBCC-AA94338DA55E}.Debug|x86.ActiveCfg = Debug|Win32
		{FBCD561C-4146-3F9B-BBCC-AA94338DA55E}.Debug|x86.Build.0 = Debug|Win32
		{FBCD561C-4146-3F9B-BBCC-AA94338DA55E}.Release|x64.ActiveCfg = Release|Win32
		{FBCD561C-4146-3F9B-BBCC-AA94338DA55E}.Release|x86.ActiveCfg = Release|Win32
		{FBCD561C-4146-3F9B-BBCC-AA94338DA55E}.Release|x86.Build.0 = Release|Win32
	EndGlobalSection
	GlobalSection(SolutionProperties) = preSolution
		HideSolutionNode = FALSE
	EndGlobalSection
EndGlobal
